
Microsoft Visual Studio Solution File, Format Version 12.00
# Visual Studio Version 16
VisualStudioVersion = 16.0.31911.196
MinimumVisualStudioVersion = 10.0.40219.1
Project("{9A19103F-16F7-4668-BE54-9A1E7A4F7556}") = "task3", "task3\task3.csproj", "{FA42EFD3-CB03-4CD8-9221-4A8495CB5BC9}"
EndProject
Project("{9A19103F-16F7-4668-BE54-9A1E7A4F7556}") = "Parser", "Parser\Parser.csproj", "{D671A700-B710-4768-81B7-054418578CE7}"
EndProject
Project("{9A19103F-16F7-4668-BE54-9A1E7A4F7556}") = "ParserXml", "ParserXml\ParserXml.csproj", "{057EFB0E-4446-4F82-B61D-8DCE4B2A785F}"
EndProject
Project("{9A19103F-16F7-4668-BE54-9A1E7A4F7556}") = "ParserRaise", "ParserRaise\ParserRaise.csproj", "{012CCE27-86A5-4524-A772-98EF6AA2EA31}"
EndProject
Global
	GlobalSection(SolutionConfigurationPlatforms) = preSolution
		Debug|Any CPU = Debug|Any CPU
		Release|Any CPU = Release|Any CPU
	EndGlobalSection
	GlobalSection(ProjectConfigurationPlatforms) = postSolution
		{FA42EFD3-CB03-4CD8-9221-4A8495CB5BC9}.Debug|Any CPU.ActiveCfg = Debug|Any CPU
		{FA42EFD3-CB03-4CD8-9221-4A8495CB5BC9}.Debug|Any CPU.Build.0 = Debug|Any CPU
		{FA42EFD3-CB03-4CD8-9221-4A8495CB5BC9}.Release|Any CPU.ActiveCfg = Release|Any CPU
		{FA42EFD3-CB03-4CD8-9221-4A8495CB5BC9}.Release|Any CPU.Build.0 = Release|Any CPU
		{D671A700-B710-4768-81B7-054418578CE7}.Debug|Any CPU.ActiveCfg = Debug|Any CPU
		{D671A700-B710-4768-81B7-054418578CE7}.Debug|Any CPU.Build.0 = Debug|Any CPU
		{D671A700-B710-4768-81B7-054418578CE7}.Release|Any CPU.ActiveCfg = Release|Any CPU
		{D671A700-B710-4768-81B7-054418578CE7}.Release|Any CPU.Build.0 = Release|Any CPU
		{057EFB0E-4446-4F82-B61D-8DCE4B2A785F}.Debug|Any CPU.ActiveCfg = Debug|Any CPU
		{057EFB0E-4446-4F82-B61D-8DCE4B2A785F}.Debug|Any CPU.Build.0 = Debug|Any CPU
		{057EFB0E-4446-4F82-B61D-8DCE4B2A785F}.Release|Any CPU.ActiveCfg = Release|Any CPU
		{057EFB0E-4446-4F82-B61D-8DCE4B2A785F}.Release|Any CPU.Build.0 = Release|Any CPU
		{012CCE27-86A5-4524-A772-98EF6AA2EA31}.Debug|Any CPU.ActiveCfg = Debug|Any CPU
		{012CCE27-86A5-4524-A772-98EF6AA2EA31}.Debug|Any CPU.Build.0 = Debug|Any CPU
		{012CCE27-86A5-4524-A772-98EF6AA2EA31}.Release|Any CPU.ActiveCfg = Release|Any CPU
		{012CCE27-86A5-4524-A772-98EF6AA2EA31}.Release|Any CPU.Build.0 = Release|Any CPU
	EndGlobalSection
	GlobalSection(SolutionProperties) = preSolution
		HideSolutionNode = FALSE
	EndGlobalSection
	GlobalSection(ExtensibilityGlobals) = postSolution
		SolutionGuid = {DD7D1350-B4A1-4AA3-9B6C-5E6936329B71}
	EndGlobalSection
EndGlobal
